// !$*UTF8*$!
{
	archiveVersion = 1;
	classes = {
	};
	objectVersion = 46;
	objects = {

/* Begin PBXBuildFile section */
		C6C9A6521488062100B25F2D /* UIKit.framework in Frameworks */ = {isa = PBXBuildFile; fileRef = C6C9A6511488062100B25F2D /* UIKit.framework */; };
		C6C9A6541488062100B25F2D /* Foundation.framework in Frameworks */ = {isa = PBXBuildFile; fileRef = C6C9A6531488062100B25F2D /* Foundation.framework */; };
		C6C9A6561488062100B25F2D /* CoreGraphics.framework in Frameworks */ = {isa = PBXBuildFile; fileRef = C6C9A6551488062100B25F2D /* CoreGraphics.framework */; };
		C6C9A65C1488062100B25F2D /* InfoPlist.strings in Resources */ = {isa = PBXBuildFile; fileRef = C6C9A65A1488062100B25F2D /* InfoPlist.strings */; };
		C6C9A65E1488062100B25F2D /* main.m in Sources */ = {isa = PBXBuildFile; fileRef = C6C9A65D1488062100B25F2D /* main.m */; };
		C6C9A6621488062100B25F2D /* NMAppDelegate.m in Sources */ = {isa = PBXBuildFile; fileRef = C6C9A6611488062100B25F2D /* NMAppDelegate.m */; };
		C6C9A6651488062100B25F2D /* NMRootViewController.m in Sources */ = {isa = PBXBuildFile; fileRef = C6C9A6641488062100B25F2D /* NMRootViewController.m */; };
		C6C9A6681488062100B25F2D /* NMDataViewController.m in Sources */ = {isa = PBXBuildFile; fileRef = C6C9A6671488062100B25F2D /* NMDataViewController.m */; };
		C6C9A66B1488062100B25F2D /* NMModelController.m in Sources */ = {isa = PBXBuildFile; fileRef = C6C9A66A1488062100B25F2D /* NMModelController.m */; };
		C6C9A66E1488062100B25F2D /* MainStoryboard.storyboard in Resources */ = {isa = PBXBuildFile; fileRef = C6C9A66C1488062100B25F2D /* MainStoryboard.storyboard */; };
		C6C9A6761488062100B25F2D /* SenTestingKit.framework in Frameworks */ = {isa = PBXBuildFile; fileRef = C6C9A6751488062100B25F2D /* SenTestingKit.framework */; };
		C6C9A6771488062100B25F2D /* UIKit.framework in Frameworks */ = {isa = PBXBuildFile; fileRef = C6C9A6511488062100B25F2D /* UIKit.framework */; };
		C6C9A6781488062100B25F2D /* Foundation.framework in Frameworks */ = {isa = PBXBuildFile; fileRef = C6C9A6531488062100B25F2D /* Foundation.framework */; };
		C6C9A6801488062100B25F2D /* InfoPlist.strings in Resources */ = {isa = PBXBuildFile; fileRef = C6C9A67E1488062100B25F2D /* InfoPlist.strings */; };
		C6C9A6831488062200B25F2D /* BreckenridgeTests.m in Sources */ = {isa = PBXBuildFile; fileRef = C6C9A6821488062200B25F2D /* BreckenridgeTests.m */; };
		C6C9A6A714880AE800B25F2D /* NMKongiRecognizer.m in Sources */ = {isa = PBXBuildFile; fileRef = C6C9A6A614880AE800B25F2D /* NMKongiRecognizer.m */; };
		C6C9A6AD14880FAF00B25F2D /* NMKongiRecognizer.m in Sources */ = {isa = PBXBuildFile; fileRef = C6C9A6AC14880FAF00B25F2D /* NMKongiRecognizer.m */; };
		C6C9A6B21488162500B25F2D /* libTestFlight.a in Frameworks */ = {isa = PBXBuildFile; fileRef = C6C9A6B01488162500B25F2D /* libTestFlight.a */; };
		C6C9A771148959A400B25F2D /* NMGlyphSearchViewController.m in Sources */ = {isa = PBXBuildFile; fileRef = C6C9A770148959A400B25F2D /* NMGlyphSearchViewController.m */; };
		C6C9A772148959A400B25F2D /* NMGlyphSearchViewController.m in Sources */ = {isa = PBXBuildFile; fileRef = C6C9A770148959A400B25F2D /* NMGlyphSearchViewController.m */; };
		C6F88BAE14927EB5003322C5 /* NMGestureViewController.m in Sources */ = {isa = PBXBuildFile; fileRef = C6F88BAD14927EB5003322C5 /* NMGestureViewController.m */; };
		C6F88BBD149285F3003322C5 /* greenButton.png in Resources */ = {isa = PBXBuildFile; fileRef = C6F88BB1149285F3003322C5 /* greenButton.png */; };
		C6F88BBE149285F3003322C5 /* greenButton@2x.png in Resources */ = {isa = PBXBuildFile; fileRef = C6F88BB2149285F3003322C5 /* greenButton@2x.png */; };
		C6F88BBF149285F3003322C5 /* greenButtonActivated.png in Resources */ = {isa = PBXBuildFile; fileRef = C6F88BB3149285F3003322C5 /* greenButtonActivated.png */; };
		C6F88BC0149285F3003322C5 /* greenButtonActivated@2x.png in Resources */ = {isa = PBXBuildFile; fileRef = C6F88BB4149285F3003322C5 /* greenButtonActivated@2x.png */; };
		C6F88BC1149285F3003322C5 /* redButton.png in Resources */ = {isa = PBXBuildFile; fileRef = C6F88BB5149285F3003322C5 /* redButton.png */; };
		C6F88BC2149285F3003322C5 /* redButton@2x.png in Resources */ = {isa = PBXBuildFile; fileRef = C6F88BB6149285F3003322C5 /* redButton@2x.png */; };
		C6F88BC3149285F3003322C5 /* redButtonActivated.png in Resources */ = {isa = PBXBuildFile; fileRef = C6F88BB7149285F3003322C5 /* redButtonActivated.png */; };
		C6F88BC4149285F3003322C5 /* redButtonActivated@2x.png in Resources */ = {isa = PBXBuildFile; fileRef = C6F88BB8149285F3003322C5 /* redButtonActivated@2x.png */; };
		C6F88BC5149285F3003322C5 /* yellowButton.png in Resources */ = {isa = PBXBuildFile; fileRef = C6F88BB9149285F3003322C5 /* yellowButton.png */; };
		C6F88BC6149285F3003322C5 /* yellowButton@2x.png in Resources */ = {isa = PBXBuildFile; fileRef = C6F88BBA149285F3003322C5 /* yellowButton@2x.png */; };
		C6F88BC7149285F3003322C5 /* yellowButtonActivated.png in Resources */ = {isa = PBXBuildFile; fileRef = C6F88BBB149285F3003322C5 /* yellowButtonActivated.png */; };
		C6F88BC8149285F3003322C5 /* yellowButtonActivated@2x.png in Resources */ = {isa = PBXBuildFile; fileRef = C6F88BBC149285F3003322C5 /* yellowButtonActivated@2x.png */; };
		C6F88BCB14928657003322C5 /* NMButton.m in Sources */ = {isa = PBXBuildFile; fileRef = C6F88BCA14928657003322C5 /* NMButton.m */; };
		C6F88BD214928BC3003322C5 /* NMGestureDrawView.m in Sources */ = {isa = PBXBuildFile; fileRef = C6F88BD114928BC3003322C5 /* NMGestureDrawView.m */; };
		C6F88BD714928D0B003322C5 /* UIColor+NM.m in Sources */ = {isa = PBXBuildFile; fileRef = C6F88BD614928D0B003322C5 /* UIColor+NM.m */; };
		C6F88BD914928F06003322C5 /* QuartzCore.framework in Frameworks */ = {isa = PBXBuildFile; fileRef = C6F88BD814928F06003322C5 /* QuartzCore.framework */; };
		C6F88BDB14928F22003322C5 /* OpenGLES.framework in Frameworks */ = {isa = PBXBuildFile; fileRef = C6F88BDA14928F22003322C5 /* OpenGLES.framework */; };
		C6F88BF714929F61003322C5 /* NSObject+NM.m in Sources */ = {isa = PBXBuildFile; fileRef = C6F88BF614929F61003322C5 /* NSObject+NM.m */; };
		C6F88BFA1492C21B003322C5 /* NMSetupViewController.m in Sources */ = {isa = PBXBuildFile; fileRef = C6F88BF91492C21A003322C5 /* NMSetupViewController.m */; };
		C6F88BFD1492C4F7003322C5 /* NMItemModel.m in Sources */ = {isa = PBXBuildFile; fileRef = C6F88BFC1492C4F7003322C5 /* NMItemModel.m */; };
/* End PBXBuildFile section */

/* Begin PBXContainerItemProxy section */
		C6C9A6791488062100B25F2D /* PBXContainerItemProxy */ = {
			isa = PBXContainerItemProxy;
			containerPortal = C6C9A6441488062100B25F2D /* Project object */;
			proxyType = 1;
			remoteGlobalIDString = C6C9A64C1488062100B25F2D;
			remoteInfo = Breckenridge;
		};
		C6C9A6BF1488199A00B25F2D /* PBXContainerItemProxy */ = {
			isa = PBXContainerItemProxy;
			containerPortal = C6C9A6B71488199900B25F2D /* ShareKit.xcodeproj */;
			proxyType = 2;
			remoteGlobalIDString = 1D6058910D05DD3D006BFB54;
			remoteInfo = ShareKit;
		};
/* End PBXContainerItemProxy section */

/* Begin PBXFileReference section */
		C6C9A64D1488062100B25F2D /* GlyphList.app */ = {isa = PBXFileReference; explicitFileType = wrapper.application; includeInIndex = 0; path = GlyphList.app; sourceTree = BUILT_PRODUCTS_DIR; };
		C6C9A6511488062100B25F2D /* UIKit.framework */ = {isa = PBXFileReference; lastKnownFileType = wrapper.framework; name = UIKit.framework; path = System/Library/Frameworks/UIKit.framework; sourceTree = SDKROOT; };
		C6C9A6531488062100B25F2D /* Foundation.framework */ = {isa = PBXFileReference; lastKnownFileType = wrapper.framework; name = Foundation.framework; path = System/Library/Frameworks/Foundation.framework; sourceTree = SDKROOT; };
		C6C9A6551488062100B25F2D /* CoreGraphics.framework */ = {isa = PBXFileReference; lastKnownFileType = wrapper.framework; name = CoreGraphics.framework; path = System/Library/Frameworks/CoreGraphics.framework; sourceTree = SDKROOT; };
		C6C9A6591488062100B25F2D /* Breckenridge-Info.plist */ = {isa = PBXFileReference; lastKnownFileType = text.plist.xml; path = "Breckenridge-Info.plist"; sourceTree = "<group>"; };
		C6C9A65B1488062100B25F2D /* en */ = {isa = PBXFileReference; lastKnownFileType = text.plist.strings; name = en; path = en.lproj/InfoPlist.strings; sourceTree = "<group>"; };
		C6C9A65D1488062100B25F2D /* main.m */ = {isa = PBXFileReference; lastKnownFileType = sourcecode.c.objc; path = main.m; sourceTree = "<group>"; };
		C6C9A65F1488062100B25F2D /* Breckenridge-Prefix.pch */ = {isa = PBXFileReference; lastKnownFileType = sourcecode.c.h; path = "Breckenridge-Prefix.pch"; sourceTree = "<group>"; };
		C6C9A6601488062100B25F2D /* NMAppDelegate.h */ = {isa = PBXFileReference; lastKnownFileType = sourcecode.c.h; path = NMAppDelegate.h; sourceTree = "<group>"; };
		C6C9A6611488062100B25F2D /* NMAppDelegate.m */ = {isa = PBXFileReference; lastKnownFileType = sourcecode.c.objc; path = NMAppDelegate.m; sourceTree = "<group>"; };
		C6C9A6631488062100B25F2D /* NMRootViewController.h */ = {isa = PBXFileReference; lastKnownFileType = sourcecode.c.h; path = NMRootViewController.h; sourceTree = "<group>"; };
		C6C9A6641488062100B25F2D /* NMRootViewController.m */ = {isa = PBXFileReference; lastKnownFileType = sourcecode.c.objc; path = NMRootViewController.m; sourceTree = "<group>"; };
		C6C9A6661488062100B25F2D /* NMDataViewController.h */ = {isa = PBXFileReference; lastKnownFileType = sourcecode.c.h; path = NMDataViewController.h; sourceTree = "<group>"; };
		C6C9A6671488062100B25F2D /* NMDataViewController.m */ = {isa = PBXFileReference; lastKnownFileType = sourcecode.c.objc; path = NMDataViewController.m; sourceTree = "<group>"; };
		C6C9A6691488062100B25F2D /* NMModelController.h */ = {isa = PBXFileReference; lastKnownFileType = sourcecode.c.h; path = NMModelController.h; sourceTree = "<group>"; };
		C6C9A66A1488062100B25F2D /* NMModelController.m */ = {isa = PBXFileReference; lastKnownFileType = sourcecode.c.objc; path = NMModelController.m; sourceTree = "<group>"; };
		C6C9A66D1488062100B25F2D /* en */ = {isa = PBXFileReference; lastKnownFileType = file.storyboard; name = en; path = en.lproj/MainStoryboard.storyboard; sourceTree = "<group>"; };
		C6C9A6741488062100B25F2D /* BreckenridgeTests.octest */ = {isa = PBXFileReference; explicitFileType = wrapper.cfbundle; includeInIndex = 0; path = BreckenridgeTests.octest; sourceTree = BUILT_PRODUCTS_DIR; };
		C6C9A6751488062100B25F2D /* SenTestingKit.framework */ = {isa = PBXFileReference; lastKnownFileType = wrapper.framework; name = SenTestingKit.framework; path = Library/Frameworks/SenTestingKit.framework; sourceTree = DEVELOPER_DIR; };
		C6C9A67D1488062100B25F2D /* BreckenridgeTests-Info.plist */ = {isa = PBXFileReference; lastKnownFileType = text.plist.xml; path = "BreckenridgeTests-Info.plist"; sourceTree = "<group>"; };
		C6C9A67F1488062100B25F2D /* en */ = {isa = PBXFileReference; lastKnownFileType = text.plist.strings; name = en; path = en.lproj/InfoPlist.strings; sourceTree = "<group>"; };
		C6C9A6811488062100B25F2D /* BreckenridgeTests.h */ = {isa = PBXFileReference; lastKnownFileType = sourcecode.c.h; path = BreckenridgeTests.h; sourceTree = "<group>"; };
		C6C9A6821488062200B25F2D /* BreckenridgeTests.m */ = {isa = PBXFileReference; lastKnownFileType = sourcecode.c.objc; path = BreckenridgeTests.m; sourceTree = "<group>"; };
		C6C9A6A514880AE800B25F2D /* NMKongiRecognizer.h */ = {isa = PBXFileReference; fileEncoding = 4; lastKnownFileType = sourcecode.c.h; path = NMKongiRecognizer.h; sourceTree = "<group>"; };
		C6C9A6A614880AE800B25F2D /* NMKongiRecognizer.m */ = {isa = PBXFileReference; fileEncoding = 4; lastKnownFileType = sourcecode.c.objc; path = NMKongiRecognizer.m; sourceTree = "<group>"; };
		C6C9A6AB14880FAF00B25F2D /* NMKongiRecognizer.h */ = {isa = PBXFileReference; fileEncoding = 4; lastKnownFileType = sourcecode.c.h; path = NMKongiRecognizer.h; sourceTree = "<group>"; };
		C6C9A6AC14880FAF00B25F2D /* NMKongiRecognizer.m */ = {isa = PBXFileReference; fileEncoding = 4; lastKnownFileType = sourcecode.c.objc; path = NMKongiRecognizer.m; sourceTree = "<group>"; };
		C6C9A6B01488162500B25F2D /* libTestFlight.a */ = {isa = PBXFileReference; lastKnownFileType = archive.ar; name = libTestFlight.a; path = ThirdParty/TestFlightSDK0.8.1/libTestFlight.a; sourceTree = "<group>"; };
		C6C9A6B11488162500B25F2D /* TestFlight.h */ = {isa = PBXFileReference; fileEncoding = 4; lastKnownFileType = sourcecode.c.h; name = TestFlight.h; path = ThirdParty/TestFlightSDK0.8.1/TestFlight.h; sourceTree = "<group>"; };
		C6C9A6B61488176400B25F2D /* CheckPointNames.h */ = {isa = PBXFileReference; fileEncoding = 4; lastKnownFileType = sourcecode.c.h; name = CheckPointNames.h; path = ThirdParty/TestFlightSDK0.8.1/CheckPointNames.h; sourceTree = "<group>"; };
		C6C9A6B71488199900B25F2D /* ShareKit.xcodeproj */ = {isa = PBXFileReference; lastKnownFileType = "wrapper.pb-project"; name = ShareKit.xcodeproj; path = Breckenridge/ThirdParty/ShareKit/ShareKit.xcodeproj; sourceTree = "<group>"; };
		C6C9A76F148959A400B25F2D /* NMGlyphSearchViewController.h */ = {isa = PBXFileReference; fileEncoding = 4; lastKnownFileType = sourcecode.c.h; path = NMGlyphSearchViewController.h; sourceTree = "<group>"; };
		C6C9A770148959A400B25F2D /* NMGlyphSearchViewController.m */ = {isa = PBXFileReference; fileEncoding = 4; lastKnownFileType = sourcecode.c.objc; path = NMGlyphSearchViewController.m; sourceTree = "<group>"; };
		C6F88BAC14927EB5003322C5 /* NMGestureViewController.h */ = {isa = PBXFileReference; fileEncoding = 4; lastKnownFileType = sourcecode.c.h; path = NMGestureViewController.h; sourceTree = "<group>"; };
		C6F88BAD14927EB5003322C5 /* NMGestureViewController.m */ = {isa = PBXFileReference; fileEncoding = 4; lastKnownFileType = sourcecode.c.objc; path = NMGestureViewController.m; sourceTree = "<group>"; };
		C6F88BB1149285F3003322C5 /* greenButton.png */ = {isa = PBXFileReference; lastKnownFileType = image.png; path = greenButton.png; sourceTree = "<group>"; };
		C6F88BB2149285F3003322C5 /* greenButton@2x.png */ = {isa = PBXFileReference; lastKnownFileType = image.png; path = "greenButton@2x.png"; sourceTree = "<group>"; };
		C6F88BB3149285F3003322C5 /* greenButtonActivated.png */ = {isa = PBXFileReference; lastKnownFileType = image.png; path = greenButtonActivated.png; sourceTree = "<group>"; };
		C6F88BB4149285F3003322C5 /* greenButtonActivated@2x.png */ = {isa = PBXFileReference; lastKnownFileType = image.png; path = "greenButtonActivated@2x.png"; sourceTree = "<group>"; };
		C6F88BB5149285F3003322C5 /* redButton.png */ = {isa = PBXFileReference; lastKnownFileType = image.png; path = redButton.png; sourceTree = "<group>"; };
		C6F88BB6149285F3003322C5 /* redButton@2x.png */ = {isa = PBXFileReference; lastKnownFileType = image.png; path = "redButton@2x.png"; sourceTree = "<group>"; };
		C6F88BB7149285F3003322C5 /* redButtonActivated.png */ = {isa = PBXFileReference; lastKnownFileType = image.png; path = redButtonActivated.png; sourceTree = "<group>"; };
		C6F88BB8149285F3003322C5 /* redButtonActivated@2x.png */ = {isa = PBXFileReference; lastKnownFileType = image.png; path = "redButtonActivated@2x.png"; sourceTree = "<group>"; };
		C6F88BB9149285F3003322C5 /* yellowButton.png */ = {isa = PBXFileReference; lastKnownFileType = image.png; path = yellowButton.png; sourceTree = "<group>"; };
		C6F88BBA149285F3003322C5 /* yellowButton@2x.png */ = {isa = PBXFileReference; lastKnownFileType = image.png; path = "yellowButton@2x.png"; sourceTree = "<group>"; };
		C6F88BBB149285F3003322C5 /* yellowButtonActivated.png */ = {isa = PBXFileReference; lastKnownFileType = image.png; path = yellowButtonActivated.png; sourceTree = "<group>"; };
		C6F88BBC149285F3003322C5 /* yellowButtonActivated@2x.png */ = {isa = PBXFileReference; lastKnownFileType = image.png; path = "yellowButtonActivated@2x.png"; sourceTree = "<group>"; };
		C6F88BC914928657003322C5 /* NMButton.h */ = {isa = PBXFileReference; fileEncoding = 4; lastKnownFileType = sourcecode.c.h; path = NMButton.h; sourceTree = "<group>"; };
		C6F88BCA14928657003322C5 /* NMButton.m */ = {isa = PBXFileReference; fileEncoding = 4; lastKnownFileType = sourcecode.c.objc; path = NMButton.m; sourceTree = "<group>"; };
		C6F88BD014928BC3003322C5 /* NMGestureDrawView.h */ = {isa = PBXFileReference; fileEncoding = 4; lastKnownFileType = sourcecode.c.h; path = NMGestureDrawView.h; sourceTree = "<group>"; };
		C6F88BD114928BC3003322C5 /* NMGestureDrawView.m */ = {isa = PBXFileReference; fileEncoding = 4; lastKnownFileType = sourcecode.c.objc; path = NMGestureDrawView.m; sourceTree = "<group>"; };
		C6F88BD314928CC5003322C5 /* NMConstants.h */ = {isa = PBXFileReference; fileEncoding = 4; lastKnownFileType = sourcecode.c.h; path = NMConstants.h; sourceTree = "<group>"; };
		C6F88BD514928D0B003322C5 /* UIColor+NM.h */ = {isa = PBXFileReference; fileEncoding = 4; lastKnownFileType = sourcecode.c.h; path = "UIColor+NM.h"; sourceTree = "<group>"; };
		C6F88BD614928D0B003322C5 /* UIColor+NM.m */ = {isa = PBXFileReference; fileEncoding = 4; lastKnownFileType = sourcecode.c.objc; path = "UIColor+NM.m"; sourceTree = "<group>"; };
		C6F88BD814928F06003322C5 /* QuartzCore.framework */ = {isa = PBXFileReference; lastKnownFileType = wrapper.framework; name = QuartzCore.framework; path = System/Library/Frameworks/QuartzCore.framework; sourceTree = SDKROOT; };
		C6F88BDA14928F22003322C5 /* OpenGLES.framework */ = {isa = PBXFileReference; lastKnownFileType = wrapper.framework; name = OpenGLES.framework; path = System/Library/Frameworks/OpenGLES.framework; sourceTree = SDKROOT; };
		C6F88BF514929F61003322C5 /* NSObject+NM.h */ = {isa = PBXFileReference; fileEncoding = 4; lastKnownFileType = sourcecode.c.h; path = "NSObject+NM.h"; sourceTree = "<group>"; };
		C6F88BF614929F61003322C5 /* NSObject+NM.m */ = {isa = PBXFileReference; fileEncoding = 4; lastKnownFileType = sourcecode.c.objc; path = "NSObject+NM.m"; sourceTree = "<group>"; };
		C6F88BF81492C21A003322C5 /* NMSetupViewController.h */ = {isa = PBXFileReference; fileEncoding = 4; lastKnownFileType = sourcecode.c.h; path = NMSetupViewController.h; sourceTree = "<group>"; };
		C6F88BF91492C21A003322C5 /* NMSetupViewController.m */ = {isa = PBXFileReference; fileEncoding = 4; lastKnownFileType = sourcecode.c.objc; path = NMSetupViewController.m; sourceTree = "<group>"; };
		C6F88BFB1492C4F7003322C5 /* NMItemModel.h */ = {isa = PBXFileReference; fileEncoding = 4; lastKnownFileType = sourcecode.c.h; path = NMItemModel.h; sourceTree = "<group>"; };
		C6F88BFC1492C4F7003322C5 /* NMItemModel.m */ = {isa = PBXFileReference; fileEncoding = 4; lastKnownFileType = sourcecode.c.objc; path = NMItemModel.m; sourceTree = "<group>"; };
/* End PBXFileReference section */

/* Begin PBXFrameworksBuildPhase section */
		C6C9A64A1488062100B25F2D /* Frameworks */ = {
			isa = PBXFrameworksBuildPhase;
			buildActionMask = 2147483647;
			files = (
				C6F88BDB14928F22003322C5 /* OpenGLES.framework in Frameworks */,
				C6F88BD914928F06003322C5 /* QuartzCore.framework in Frameworks */,
				C6C9A6521488062100B25F2D /* UIKit.framework in Frameworks */,
				C6C9A6541488062100B25F2D /* Foundation.framework in Frameworks */,
				C6C9A6561488062100B25F2D /* CoreGraphics.framework in Frameworks */,
				C6C9A6B21488162500B25F2D /* libTestFlight.a in Frameworks */,
			);
			runOnlyForDeploymentPostprocessing = 0;
		};
		C6C9A6701488062100B25F2D /* Frameworks */ = {
			isa = PBXFrameworksBuildPhase;
			buildActionMask = 2147483647;
			files = (
				C6C9A6761488062100B25F2D /* SenTestingKit.framework in Frameworks */,
				C6C9A6771488062100B25F2D /* UIKit.framework in Frameworks */,
				C6C9A6781488062100B25F2D /* Foundation.framework in Frameworks */,
			);
			runOnlyForDeploymentPostprocessing = 0;
		};
/* End PBXFrameworksBuildPhase section */

/* Begin PBXGroup section */
		C6C9A6421488062100B25F2D = {
			isa = PBXGroup;
			children = (
				C6F88BDA14928F22003322C5 /* OpenGLES.framework */,
				C6F88BD814928F06003322C5 /* QuartzCore.framework */,
				C6C9A6571488062100B25F2D /* Breckenridge */,
				C6C9A67B1488062100B25F2D /* BreckenridgeTests */,
				C6C9A6501488062100B25F2D /* Frameworks */,
				C6C9A64E1488062100B25F2D /* Products */,
			);
			sourceTree = "<group>";
		};
		C6C9A64E1488062100B25F2D /* Products */ = {
			isa = PBXGroup;
			children = (
				C6C9A64D1488062100B25F2D /* GlyphList.app */,
				C6C9A6741488062100B25F2D /* BreckenridgeTests.octest */,
			);
			name = Products;
			sourceTree = "<group>";
		};
		C6C9A6501488062100B25F2D /* Frameworks */ = {
			isa = PBXGroup;
			children = (
				C6C9A6B71488199900B25F2D /* ShareKit.xcodeproj */,
				C6C9A6511488062100B25F2D /* UIKit.framework */,
				C6C9A6531488062100B25F2D /* Foundation.framework */,
				C6C9A6551488062100B25F2D /* CoreGraphics.framework */,
				C6C9A6751488062100B25F2D /* SenTestingKit.framework */,
			);
			name = Frameworks;
			sourceTree = "<group>";
		};
		C6C9A6571488062100B25F2D /* Breckenridge */ = {
			isa = PBXGroup;
			children = (
				C6F88BD414928CEF003322C5 /* Categories */,
				C6F88BAF149285F3003322C5 /* Images */,
				C6C9A6AE1488160600B25F2D /* ThirdParty */,
				C6C9A6AA14880D5800B25F2D /* Views */,
				C6C9A6A914880D4F00B25F2D /* Controllers */,
				C6C9A6A814880C6800B25F2D /* Models */,
				C6C9A6601488062100B25F2D /* NMAppDelegate.h */,
				C6C9A6611488062100B25F2D /* NMAppDelegate.m */,
				C6C9A6631488062100B25F2D /* NMRootViewController.h */,
				C6C9A6641488062100B25F2D /* NMRootViewController.m */,
				C6C9A6661488062100B25F2D /* NMDataViewController.h */,
				C6C9A6671488062100B25F2D /* NMDataViewController.m */,
				C6C9A6691488062100B25F2D /* NMModelController.h */,
				C6C9A66A1488062100B25F2D /* NMModelController.m */,
				C6C9A76F148959A400B25F2D /* NMGlyphSearchViewController.h */,
				C6C9A770148959A400B25F2D /* NMGlyphSearchViewController.m */,
				C6F88BAC14927EB5003322C5 /* NMGestureViewController.h */,
				C6F88BAD14927EB5003322C5 /* NMGestureViewController.m */,
				C6C9A66C1488062100B25F2D /* MainStoryboard.storyboard */,
				C6C9A6581488062100B25F2D /* Supporting Files */,
				C6F88BD314928CC5003322C5 /* NMConstants.h */,
				C6F88BF81492C21A003322C5 /* NMSetupViewController.h */,
				C6F88BF91492C21A003322C5 /* NMSetupViewController.m */,
			);
			path = Breckenridge;
			sourceTree = "<group>";
		};
		C6C9A6581488062100B25F2D /* Supporting Files */ = {
			isa = PBXGroup;
			children = (
				C6C9A6591488062100B25F2D /* Breckenridge-Info.plist */,
				C6C9A65A1488062100B25F2D /* InfoPlist.strings */,
				C6C9A65D1488062100B25F2D /* main.m */,
				C6C9A65F1488062100B25F2D /* Breckenridge-Prefix.pch */,
			);
			name = "Supporting Files";
			sourceTree = "<group>";
		};
		C6C9A67B1488062100B25F2D /* BreckenridgeTests */ = {
			isa = PBXGroup;
			children = (
				C6C9A6811488062100B25F2D /* BreckenridgeTests.h */,
				C6C9A6821488062200B25F2D /* BreckenridgeTests.m */,
				C6C9A67C1488062100B25F2D /* Supporting Files */,
				C6C9A6A514880AE800B25F2D /* NMKongiRecognizer.h */,
				C6C9A6A614880AE800B25F2D /* NMKongiRecognizer.m */,
			);
			path = BreckenridgeTests;
			sourceTree = "<group>";
		};
		C6C9A67C1488062100B25F2D /* Supporting Files */ = {
			isa = PBXGroup;
			children = (
				C6C9A67D1488062100B25F2D /* BreckenridgeTests-Info.plist */,
				C6C9A67E1488062100B25F2D /* InfoPlist.strings */,
			);
			name = "Supporting Files";
			sourceTree = "<group>";
		};
		C6C9A6A814880C6800B25F2D /* Models */ = {
			isa = PBXGroup;
			children = (
				C6F88BFB1492C4F7003322C5 /* NMItemModel.h */,
				C6F88BFC1492C4F7003322C5 /* NMItemModel.m */,
			);
			name = Models;
			sourceTree = "<group>";
		};
		C6C9A6A914880D4F00B25F2D /* Controllers */ = {
			isa = PBXGroup;
			children = (
				C6C9A6AB14880FAF00B25F2D /* NMKongiRecognizer.h */,
				C6C9A6AC14880FAF00B25F2D /* NMKongiRecognizer.m */,
			);
			name = Controllers;
			sourceTree = "<group>";
		};
		C6C9A6AA14880D5800B25F2D /* Views */ = {
			isa = PBXGroup;
			children = (
				C6F88BC914928657003322C5 /* NMButton.h */,
				C6F88BCA14928657003322C5 /* NMButton.m */,
				C6F88BD014928BC3003322C5 /* NMGestureDrawView.h */,
				C6F88BD114928BC3003322C5 /* NMGestureDrawView.m */,
			);
			name = Views;
			sourceTree = "<group>";
		};
		C6C9A6AE1488160600B25F2D /* ThirdParty */ = {
			isa = PBXGroup;
			children = (
				C6C9A6AF1488161300B25F2D /* TestFlight */,
			);
			name = ThirdParty;
			sourceTree = "<group>";
		};
		C6C9A6AF1488161300B25F2D /* TestFlight */ = {
			isa = PBXGroup;
			children = (
				C6C9A6B01488162500B25F2D /* libTestFlight.a */,
				C6C9A6B11488162500B25F2D /* TestFlight.h */,
				C6C9A6B61488176400B25F2D /* CheckPointNames.h */,
			);
			name = TestFlight;
			sourceTree = "<group>";
		};
		C6C9A6B81488199900B25F2D /* Products */ = {
			isa = PBXGroup;
			children = (
				C6C9A6C01488199A00B25F2D /* ShareKit.app */,
			);
			name = Products;
			sourceTree = "<group>";
		};
		C6F88BAF149285F3003322C5 /* Images */ = {
			isa = PBXGroup;
			children = (
				C6F88BB0149285F3003322C5 /* Buttons */,
			);
			path = Images;
			sourceTree = "<group>";
		};
		C6F88BB0149285F3003322C5 /* Buttons */ = {
			isa = PBXGroup;
			children = (
				C6F88BB1149285F3003322C5 /* greenButton.png */,
				C6F88BB2149285F3003322C5 /* greenButton@2x.png */,
				C6F88BB3149285F3003322C5 /* greenButtonActivated.png */,
				C6F88BB4149285F3003322C5 /* greenButtonActivated@2x.png */,
				C6F88BB5149285F3003322C5 /* redButton.png */,
				C6F88BB6149285F3003322C5 /* redButton@2x.png */,
				C6F88BB7149285F3003322C5 /* redButtonActivated.png */,
				C6F88BB8149285F3003322C5 /* redButtonActivated@2x.png */,
				C6F88BB9149285F3003322C5 /* yellowButton.png */,
				C6F88BBA149285F3003322C5 /* yellowButton@2x.png */,
				C6F88BBB149285F3003322C5 /* yellowButtonActivated.png */,
				C6F88BBC149285F3003322C5 /* yellowButtonActivated@2x.png */,
			);
			path = Buttons;
			sourceTree = "<group>";
		};
		C6F88BD414928CEF003322C5 /* Categories */ = {
			isa = PBXGroup;
			children = (
				C6F88BD514928D0B003322C5 /* UIColor+NM.h */,
				C6F88BD614928D0B003322C5 /* UIColor+NM.m */,
				C6F88BF514929F61003322C5 /* NSObject+NM.h */,
				C6F88BF614929F61003322C5 /* NSObject+NM.m */,
			);
			name = Categories;
			sourceTree = "<group>";
		};
/* End PBXGroup section */

/* Begin PBXNativeTarget section */
		C6C9A64C1488062100B25F2D /* Breckenridge */ = {
			isa = PBXNativeTarget;
			buildConfigurationList = C6C9A6861488062200B25F2D /* Build configuration list for PBXNativeTarget "Breckenridge" */;
			buildPhases = (
				C6C9A6491488062100B25F2D /* Sources */,
				C6C9A64A1488062100B25F2D /* Frameworks */,
				C6C9A64B1488062100B25F2D /* Resources */,
			);
			buildRules = (
			);
			dependencies = (
			);
			name = Breckenridge;
			productName = Breckenridge;
			productReference = C6C9A64D1488062100B25F2D /* GlyphList.app */;
			productType = "com.apple.product-type.application";
		};
		C6C9A6731488062100B25F2D /* BreckenridgeTests */ = {
			isa = PBXNativeTarget;
			buildConfigurationList = C6C9A6891488062200B25F2D /* Build configuration list for PBXNativeTarget "BreckenridgeTests" */;
			buildPhases = (
				C6C9A66F1488062100B25F2D /* Sources */,
				C6C9A6701488062100B25F2D /* Frameworks */,
				C6C9A6711488062100B25F2D /* Resources */,
				C6C9A6721488062100B25F2D /* ShellScript */,
			);
			buildRules = (
			);
			dependencies = (
				C6C9A67A1488062100B25F2D /* PBXTargetDependency */,
			);
			name = BreckenridgeTests;
			productName = BreckenridgeTests;
			productReference = C6C9A6741488062100B25F2D /* BreckenridgeTests.octest */;
			productType = "com.apple.product-type.bundle";
		};
/* End PBXNativeTarget section */

/* Begin PBXProject section */
		C6C9A6441488062100B25F2D /* Project object */ = {
			isa = PBXProject;
			attributes = {
				LastUpgradeCheck = 0420;
				ORGANIZATIONNAME = "Nomad Apps, LLC";
			};
			buildConfigurationList = C6C9A6471488062100B25F2D /* Build configuration list for PBXProject "Breckenridge" */;
			compatibilityVersion = "Xcode 3.2";
			developmentRegion = English;
			hasScannedForEncodings = 0;
			knownRegions = (
				en,
			);
			mainGroup = C6C9A6421488062100B25F2D;
			productRefGroup = C6C9A64E1488062100B25F2D /* Products */;
			projectDirPath = "";
			projectReferences = (
				{
					ProductGroup = C6C9A6B81488199900B25F2D /* Products */;
					ProjectRef = C6C9A6B71488199900B25F2D /* ShareKit.xcodeproj */;
				},
			);
			projectRoot = "";
			targets = (
				C6C9A64C1488062100B25F2D /* Breckenridge */,
				C6C9A6731488062100B25F2D /* BreckenridgeTests */,
			);
		};
/* End PBXProject section */

/* Begin PBXReferenceProxy section */
		C6C9A6C01488199A00B25F2D /* ShareKit.app */ = {
			isa = PBXReferenceProxy;
			fileType = wrapper.application;
			path = ShareKit.app;
			remoteRef = C6C9A6BF1488199A00B25F2D /* PBXContainerItemProxy */;
			sourceTree = BUILT_PRODUCTS_DIR;
		};
/* End PBXReferenceProxy section */

/* Begin PBXResourcesBuildPhase section */
		C6C9A64B1488062100B25F2D /* Resources */ = {
			isa = PBXResourcesBuildPhase;
			buildActionMask = 2147483647;
			files = (
				C6C9A65C1488062100B25F2D /* InfoPlist.strings in Resources */,
				C6C9A66E1488062100B25F2D /* MainStoryboard.storyboard in Resources */,
				C6F88BBD149285F3003322C5 /* greenButton.png in Resources */,
				C6F88BBE149285F3003322C5 /* greenButton@2x.png in Resources */,
				C6F88BBF149285F3003322C5 /* greenButtonActivated.png in Resources */,
				C6F88BC0149285F3003322C5 /* greenButtonActivated@2x.png in Resources */,
				C6F88BC1149285F3003322C5 /* redButton.png in Resources */,
				C6F88BC2149285F3003322C5 /* redButton@2x.png in Resources */,
				C6F88BC3149285F3003322C5 /* redButtonActivated.png in Resources */,
				C6F88BC4149285F3003322C5 /* redButtonActivated@2x.png in Resources */,
				C6F88BC5149285F3003322C5 /* yellowButton.png in Resources */,
				C6F88BC6149285F3003322C5 /* yellowButton@2x.png in Resources */,
				C6F88BC7149285F3003322C5 /* yellowButtonActivated.png in Resources */,
				C6F88BC8149285F3003322C5 /* yellowButtonActivated@2x.png in Resources */,
			);
			runOnlyForDeploymentPostprocessing = 0;
		};
		C6C9A6711488062100B25F2D /* Resources */ = {
			isa = PBXResourcesBuildPhase;
			buildActionMask = 2147483647;
			files = (
				C6C9A6801488062100B25F2D /* InfoPlist.strings in Resources */,
			);
			runOnlyForDeploymentPostprocessing = 0;
		};
/* End PBXResourcesBuildPhase section */

/* Begin PBXShellScriptBuildPhase section */
		C6C9A6721488062100B25F2D /* ShellScript */ = {
			isa = PBXShellScriptBuildPhase;
			buildActionMask = 2147483647;
			files = (
			);
			inputPaths = (
			);
			outputPaths = (
			);
			runOnlyForDeploymentPostprocessing = 0;
			shellPath = /bin/sh;
			shellScript = "# Run the unit tests in this test bundle.\n\"${SYSTEM_DEVELOPER_DIR}/Tools/RunUnitTests\"\n";
		};
/* End PBXShellScriptBuildPhase section */

/* Begin PBXSourcesBuildPhase section */
		C6C9A6491488062100B25F2D /* Sources */ = {
			isa = PBXSourcesBuildPhase;
			buildActionMask = 2147483647;
			files = (
				C6C9A65E1488062100B25F2D /* main.m in Sources */,
				C6C9A6621488062100B25F2D /* NMAppDelegate.m in Sources */,
				C6C9A6651488062100B25F2D /* NMRootViewController.m in Sources */,
				C6C9A6681488062100B25F2D /* NMDataViewController.m in Sources */,
				C6C9A66B1488062100B25F2D /* NMModelController.m in Sources */,
				C6C9A6AD14880FAF00B25F2D /* NMKongiRecognizer.m in Sources */,
				C6C9A771148959A400B25F2D /* NMGlyphSearchViewController.m in Sources */,
				C6F88BAE14927EB5003322C5 /* NMGestureViewController.m in Sources */,
				C6F88BCB14928657003322C5 /* NMButton.m in Sources */,
				C6F88BD214928BC3003322C5 /* NMGestureDrawView.m in Sources */,
				C6F88BD714928D0B003322C5 /* UIColor+NM.m in Sources */,
				C6F88BF714929F61003322C5 /* NSObject+NM.m in Sources */,
				C6F88BFA1492C21B003322C5 /* NMSetupViewController.m in Sources */,
				C6F88BFD1492C4F7003322C5 /* NMItemModel.m in Sources */,
			);
			runOnlyForDeploymentPostprocessing = 0;
		};
		C6C9A66F1488062100B25F2D /* Sources */ = {
			isa = PBXSourcesBuildPhase;
			buildActionMask = 2147483647;
			files = (
				C6C9A6831488062200B25F2D /* BreckenridgeTests.m in Sources */,
				C6C9A6A714880AE800B25F2D /* NMKongiRecognizer.m in Sources */,
				C6C9A772148959A400B25F2D /* NMGlyphSearchViewController.m in Sources */,
			);
			runOnlyForDeploymentPostprocessing = 0;
		};
/* End PBXSourcesBuildPhase section */

/* Begin PBXTargetDependency section */
		C6C9A67A1488062100B25F2D /* PBXTargetDependency */ = {
			isa = PBXTargetDependency;
			target = C6C9A64C1488062100B25F2D /* Breckenridge */;
			targetProxy = C6C9A6791488062100B25F2D /* PBXContainerItemProxy */;
		};
/* End PBXTargetDependency section */

/* Begin PBXVariantGroup section */
		C6C9A65A1488062100B25F2D /* InfoPlist.strings */ = {
			isa = PBXVariantGroup;
			children = (
				C6C9A65B1488062100B25F2D /* en */,
			);
			name = InfoPlist.strings;
			sourceTree = "<group>";
		};
		C6C9A66C1488062100B25F2D /* MainStoryboard.storyboard */ = {
			isa = PBXVariantGroup;
			children = (
				C6C9A66D1488062100B25F2D /* en */,
			);
			name = MainStoryboard.storyboard;
			sourceTree = "<group>";
		};
		C6C9A67E1488062100B25F2D /* InfoPlist.strings */ = {
			isa = PBXVariantGroup;
			children = (
				C6C9A67F1488062100B25F2D /* en */,
			);
			name = InfoPlist.strings;
			sourceTree = "<group>";
		};
/* End PBXVariantGroup section */

/* Begin XCBuildConfiguration section */
		C6C9A6841488062200B25F2D /* Debug */ = {
			isa = XCBuildConfiguration;
			buildSettings = {
				ALWAYS_SEARCH_USER_PATHS = NO;
				ARCHS = "$(ARCHS_STANDARD_32_BIT)";
				CLANG_ENABLE_OBJC_ARC = YES;
				"CODE_SIGN_IDENTITY[sdk=iphoneos*]" = "iPhone Developer";
				COPY_PHASE_STRIP = NO;
				GCC_C_LANGUAGE_STANDARD = gnu99;
				GCC_DYNAMIC_NO_PIC = NO;
				GCC_OPTIMIZATION_LEVEL = 0;
				GCC_PREPROCESSOR_DEFINITIONS = (
					"DEBUG=1",
					"$(inherited)",
				);
				GCC_SYMBOLS_PRIVATE_EXTERN = NO;
				GCC_VERSION = com.apple.compilers.llvm.clang.1_0;
				GCC_WARN_ABOUT_MISSING_PROTOTYPES = YES;
				GCC_WARN_ABOUT_RETURN_TYPE = YES;
				GCC_WARN_UNUSED_VARIABLE = YES;
				IPHONEOS_DEPLOYMENT_TARGET = 5.0;
				SDKROOT = iphoneos;
			};
			name = Debug;
		};
		C6C9A6851488062200B25F2D /* Release */ = {
			isa = XCBuildConfiguration;
			buildSettings = {
				ALWAYS_SEARCH_USER_PATHS = NO;
				ARCHS = "$(ARCHS_STANDARD_32_BIT)";
				CLANG_ENABLE_OBJC_ARC = YES;
				"CODE_SIGN_IDENTITY[sdk=iphoneos*]" = "iPhone Developer";
				COPY_PHASE_STRIP = YES;
				GCC_C_LANGUAGE_STANDARD = gnu99;
				GCC_VERSION = com.apple.compilers.llvm.clang.1_0;
				GCC_WARN_ABOUT_MISSING_PROTOTYPES = YES;
				GCC_WARN_ABOUT_RETURN_TYPE = YES;
				GCC_WARN_UNUSED_VARIABLE = YES;
				IPHONEOS_DEPLOYMENT_TARGET = 5.0;
				OTHER_CFLAGS = "-DNS_BLOCK_ASSERTIONS=1";
				SDKROOT = iphoneos;
				VALIDATE_PRODUCT = YES;
			};
			name = Release;
		};
		C6C9A6871488062200B25F2D /* Debug */ = {
			isa = XCBuildConfiguration;
			buildSettings = {
				GCC_PRECOMPILE_PREFIX_HEADER = YES;
				GCC_PREFIX_HEADER = "Breckenridge/Breckenridge-Prefix.pch";
				HEADER_SEARCH_PATHS = ThirdParty/TestFlightSDK0.8.1/;
				INFOPLIST_FILE = "Breckenridge/Breckenridge-Info.plist";
				LIBRARY_SEARCH_PATHS = (
					"$(inherited)",
					"\"$(SRCROOT)/Breckenridge/ThirdParty/TestFlightSDK0.8.1\"",
				);
				PRODUCT_NAME = GlyphList;
				USER_HEADER_SEARCH_PATHS = "\"$(SRCROOT)/Breckenridge/ThirdParty/TestFlightSDK0.8.1/\"/**";
				WRAPPER_EXTENSION = app;
			};
			name = Debug;
		};
		C6C9A6881488062200B25F2D /* Release */ = {
			isa = XCBuildConfiguration;
			buildSettings = {
				"CODE_SIGN_IDENTITY[sdk=iphoneos*]" = "iPhone Distribution";
				GCC_PRECOMPILE_PREFIX_HEADER = YES;
				GCC_PREFIX_HEADER = "Breckenridge/Breckenridge-Prefix.pch";
				HEADER_SEARCH_PATHS = ThirdParty/TestFlightSDK0.8.1/;
				INFOPLIST_FILE = "Breckenridge/Breckenridge-Info.plist";
				LIBRARY_SEARCH_PATHS = (
					"$(inherited)",
					"\"$(SRCROOT)/Breckenridge/ThirdParty/TestFlightSDK0.8.1\"",
				);
				PRODUCT_NAME = GlyphList;
				"PROVISIONING_PROFILE[sdk=iphoneos*]" = "";
				USER_HEADER_SEARCH_PATHS = "\"$(SRCROOT)/Breckenridge/ThirdParty/TestFlightSDK0.8.1/\"/**";
				WRAPPER_EXTENSION = app;
			};
			name = Release;
		};
		C6C9A68A1488062200B25F2D /* Debug */ = {
			isa = XCBuildConfiguration;
			buildSettings = {
				BUNDLE_LOADER = "$(BUILT_PRODUCTS_DIR)/Breckenridge.app/Breckenridge";
				FRAMEWORK_SEARCH_PATHS = (
					"$(SDKROOT)/Developer/Library/Frameworks",
					"$(DEVELOPER_LIBRARY_DIR)/Frameworks",
				);
				GCC_PRECOMPILE_PREFIX_HEADER = YES;
				GCC_PREFIX_HEADER = "Breckenridge/Breckenridge-Prefix.pch";
				INFOPLIST_FILE = "BreckenridgeTests/BreckenridgeTests-Info.plist";
				PRODUCT_NAME = "$(TARGET_NAME)";
				TEST_HOST = "$(BUNDLE_LOADER)";
				WRAPPER_EXTENSION = octest;
			};
			name = Debug;
		};
		C6C9A68B1488062200B25F2D /* Release */ = {
			isa = XCBuildConfiguration;
			buildSettings = {
				BUNDLE_LOADER = "$(BUILT_PRODUCTS_DIR)/Breckenridge.app/Breckenridge";
				FRAMEWORK_SEARCH_PATHS = (
					"$(SDKROOT)/Developer/Library/Frameworks",
					"$(DEVELOPER_LIBRARY_DIR)/Frameworks",
				);
				GCC_PRECOMPILE_PREFIX_HEADER = YES;
				GCC_PREFIX_HEADER = "Breckenridge/Breckenridge-Prefix.pch";
				INFOPLIST_FILE = "BreckenridgeTests/BreckenridgeTests-Info.plist";
				PRODUCT_NAME = "$(TARGET_NAME)";
				TEST_HOST = "$(BUNDLE_LOADER)";
				WRAPPER_EXTENSION = octest;
			};
			name = Release;
		};
		C6C9A6B31488171E00B25F2D /* Ad Hoc Dev */ = {
			isa = XCBuildConfiguration;
			buildSettings = {
				ALWAYS_SEARCH_USER_PATHS = NO;
				ARCHS = "$(ARCHS_STANDARD_32_BIT)";
				CLANG_ENABLE_OBJC_ARC = YES;
				"CODE_SIGN_IDENTITY[sdk=iphoneos*]" = "iPhone Developer";
				COPY_PHASE_STRIP = NO;
				GCC_C_LANGUAGE_STANDARD = gnu99;
				GCC_DYNAMIC_NO_PIC = NO;
				GCC_OPTIMIZATION_LEVEL = 0;
				GCC_PREPROCESSOR_DEFINITIONS = (
					"DEBUG=1",
					"$(inherited)",
				);
				GCC_SYMBOLS_PRIVATE_EXTERN = NO;
				GCC_VERSION = com.apple.compilers.llvm.clang.1_0;
				GCC_WARN_ABOUT_MISSING_PROTOTYPES = YES;
				GCC_WARN_ABOUT_RETURN_TYPE = YES;
				GCC_WARN_UNUSED_VARIABLE = YES;
				IPHONEOS_DEPLOYMENT_TARGET = 5.0;
				SDKROOT = iphoneos;
			};
			name = "Ad Hoc Dev";
		};
		C6C9A6B41488171E00B25F2D /* Ad Hoc Dev */ = {
			isa = XCBuildConfiguration;
			buildSettings = {
				"CODE_SIGN_IDENTITY[sdk=iphoneos*]" = "iPhone Distribution";
				GCC_PRECOMPILE_PREFIX_HEADER = YES;
				GCC_PREFIX_HEADER = "Breckenridge/Breckenridge-Prefix.pch";
				HEADER_SEARCH_PATHS = ThirdParty/TestFlightSDK0.8.1/;
				INFOPLIST_FILE = "Breckenridge/Breckenridge-Info.plist";
				LIBRARY_SEARCH_PATHS = (
					"$(inherited)",
					"\"$(SRCROOT)/Breckenridge/ThirdParty/TestFlightSDK0.8.1\"",
				);
				PRODUCT_NAME = GlyphList;
				"PROVISIONING_PROFILE[sdk=iphoneos*]" = "";
				USER_HEADER_SEARCH_PATHS = "\"$(SRCROOT)/Breckenridge/ThirdParty/TestFlightSDK0.8.1/\"/**";
				WRAPPER_EXTENSION = app;
			};
			name = "Ad Hoc Dev";
		};
		C6C9A6B51488171E00B25F2D /* Ad Hoc Dev */ = {
			isa = XCBuildConfiguration;
			buildSettings = {
				BUNDLE_LOADER = "$(BUILT_PRODUCTS_DIR)/Breckenridge.app/Breckenridge";
				FRAMEWORK_SEARCH_PATHS = (
					"$(SDKROOT)/Developer/Library/Frameworks",
					"$(DEVELOPER_LIBRARY_DIR)/Frameworks",
				);
				GCC_PRECOMPILE_PREFIX_HEADER = YES;
				GCC_PREFIX_HEADER = "Breckenridge/Breckenridge-Prefix.pch";
				INFOPLIST_FILE = "BreckenridgeTests/BreckenridgeTests-Info.plist";
				PRODUCT_NAME = "$(TARGET_NAME)";
				TEST_HOST = "$(BUNDLE_LOADER)";
				WRAPPER_EXTENSION = octest;
			};
			name = "Ad Hoc Dev";
		};
/* End XCBuildConfiguration section */

/* Begin XCConfigurationList section */
		C6C9A6471488062100B25F2D /* Build configuration list for PBXProject "Breckenridge" */ = {
			isa = XCConfigurationList;
			buildConfigurations = (
				C6C9A6841488062200B25F2D /* Debug */,
				C6C9A6B31488171E00B25F2D /* Ad Hoc Dev */,
				C6C9A6851488062200B25F2D /* Release */,
			);
			defaultConfigurationIsVisible = 0;
			defaultConfigurationName = Release;
		};
		C6C9A6861488062200B25F2D /* Build configuration list for PBXNativeTarget "Breckenridge" */ = {
			isa = XCConfigurationList;
			buildConfigurations = (
				C6C9A6871488062200B25F2D /* Debug */,
				C6C9A6B41488171E00B25F2D /* Ad Hoc Dev */,
				C6C9A6881488062200B25F2D /* Release */,
			);
			defaultConfigurationIsVisible = 0;
			defaultConfigurationName = Release;
		};
		C6C9A6891488062200B25F2D /* Build configuration list for PBXNativeTarget "BreckenridgeTests" */ = {
			isa = XCConfigurationList;
			buildConfigurations = (
				C6C9A68A1488062200B25F2D /* Debug */,
				C6C9A6B51488171E00B25F2D /* Ad Hoc Dev */,
				C6C9A68B1488062200B25F2D /* Release */,
			);
			defaultConfigurationIsVisible = 0;
			defaultConfigurationName = Release;
		};
/* End XCConfigurationList section */
	};
	rootObject = C6C9A6441488062100B25F2D /* Project object */;
}
